
Microsoft Visual Studio Solution File, Format Version 12.00
# Visual Studio Version 17
VisualStudioVersion = 17.9.34607.119
MinimumVisualStudioVersion = 10.0.40219.1
Project("{FAE04EC0-301F-11D3-BF4B-00C04F79EFBC}") = "MonthlyClaimMaster", "MonthlyClaimMaster.csproj", "{08CD4DCC-63F5-47D7-AA38-239D62C414E3}"
EndProject
Project("{FAE04EC0-301F-11D3-BF4B-00C04F79EFBC}") = "MonthlyClaimMaster.1", "..\MonthlyClaimMaster.1\MonthlyClaimMaster.1.csproj", "{1970AA7F-C62F-4CC0-B57C-A8533C3A0D78}"
EndProject
Global
	GlobalSection(SolutionConfigurationPlatforms) = preSolution
		Debug|Any CPU = Debug|Any CPU
		Release|Any CPU = Release|Any CPU
	EndGlobalSection
	GlobalSection(ProjectConfigurationPlatforms) = postSolution
		{08CD4DCC-63F5-47D7-AA38-239D62C414E3}.Debug|Any CPU.ActiveCfg = Debug|Any CPU
		{08CD4DCC-63F5-47D7-AA38-239D62C414E3}.Debug|Any CPU.Build.0 = Debug|Any CPU
		{08CD4DCC-63F5-47D7-AA38-239D62C414E3}.Release|Any CPU.ActiveCfg = Release|Any CPU
		{08CD4DCC-63F5-47D7-AA38-239D62C414E3}.Release|Any CPU.Build.0 = Release|Any CPU
		{1970AA7F-C62F-4CC0-B57C-A8533C3A0D78}.Debug|Any CPU.ActiveCfg = Debug|Any CPU
		{1970AA7F-C62F-4CC0-B57C-A8533C3A0D78}.Debug|Any CPU.Build.0 = Debug|Any CPU
		{1970AA7F-C62F-4CC0-B57C-A8533C3A0D78}.Release|Any CPU.ActiveCfg = Release|Any CPU
		{1970AA7F-C62F-4CC0-B57C-A8533C3A0D78}.Release|Any CPU.Build.0 = Release|Any CPU
	EndGlobalSection
	GlobalSection(SolutionProperties) = preSolution
		HideSolutionNode = FALSE
	EndGlobalSection
	GlobalSection(ExtensibilityGlobals) = postSolution
		SolutionGuid = {62E37AE9-2928-4130-87F1-B38683D32EAE}
	EndGlobalSection
EndGlobal
